// !$*UTF8*$!
{
	archiveVersion = 1;
	classes = {
	};
	objectVersion = 55;
	objects = {

/* Begin PBXBuildFile section */
		83AEF1E027EE1BA300A1FC70 /* AppDelegate.swift in Sources */ = {isa = PBXBuildFile; fileRef = 83AEF1DF27EE1BA300A1FC70 /* AppDelegate.swift */; };
		83AEF1E227EE1BA300A1FC70 /* SceneDelegate.swift in Sources */ = {isa = PBXBuildFile; fileRef = 83AEF1E127EE1BA300A1FC70 /* SceneDelegate.swift */; };
		83AEF1E427EE1BA300A1FC70 /* LogInViewController.swift in Sources */ = {isa = PBXBuildFile; fileRef = 83AEF1E327EE1BA300A1FC70 /* LogInViewController.swift */; };
		83AEF1E927EE1BA500A1FC70 /* Assets.xcassets in Resources */ = {isa = PBXBuildFile; fileRef = 83AEF1E827EE1BA500A1FC70 /* Assets.xcassets */; };
		83AEF1EC27EE1BA500A1FC70 /* LaunchScreen.storyboard in Resources */ = {isa = PBXBuildFile; fileRef = 83AEF1EA27EE1BA500A1FC70 /* LaunchScreen.storyboard */; };
		83AEF1F727EE21BE00A1FC70 /* LogInView.swift in Sources */ = {isa = PBXBuildFile; fileRef = 83AEF1F627EE21BE00A1FC70 /* LogInView.swift */; };
		83AEF1F927EE227700A1FC70 /* PublicExtensions.swift in Sources */ = {isa = PBXBuildFile; fileRef = 83AEF1F827EE227700A1FC70 /* PublicExtensions.swift */; };
		83AEF1FC27EE276F00A1FC70 /* VKLogInViewController.swift in Sources */ = {isa = PBXBuildFile; fileRef = 83AEF1FB27EE276E00A1FC70 /* VKLogInViewController.swift */; };
		83AEF1FE27F0B5D000A1FC70 /* WebView.swift in Sources */ = {isa = PBXBuildFile; fileRef = 83AEF1FD27F0B5D000A1FC70 /* WebView.swift */; };
		97CB302DC2AE584C6FF92A65 /* Pods_MobileUpGallery.framework in Frameworks */ = {isa = PBXBuildFile; fileRef = 5D7E6905823D823FF415D316 /* Pods_MobileUpGallery.framework */; };
/* End PBXBuildFile section */

/* Begin PBXFileReference section */
		5D7E6905823D823FF415D316 /* Pods_MobileUpGallery.framework */ = {isa = PBXFileReference; explicitFileType = wrapper.framework; includeInIndex = 0; path = Pods_MobileUpGallery.framework; sourceTree = BUILT_PRODUCTS_DIR; };
		83AEF1DC27EE1BA300A1FC70 /* MobileUpGallery.app */ = {isa = PBXFileReference; explicitFileType = wrapper.application; includeInIndex = 0; path = MobileUpGallery.app; sourceTree = BUILT_PRODUCTS_DIR; };
		83AEF1DF27EE1BA300A1FC70 /* AppDelegate.swift */ = {isa = PBXFileReference; lastKnownFileType = sourcecode.swift; path = AppDelegate.swift; sourceTree = "<group>"; };
		83AEF1E127EE1BA300A1FC70 /* SceneDelegate.swift */ = {isa = PBXFileReference; lastKnownFileType = sourcecode.swift; path = SceneDelegate.swift; sourceTree = "<group>"; };
		83AEF1E327EE1BA300A1FC70 /* LogInViewController.swift */ = {isa = PBXFileReference; lastKnownFileType = sourcecode.swift; path = LogInViewController.swift; sourceTree = "<group>"; };
		83AEF1E827EE1BA500A1FC70 /* Assets.xcassets */ = {isa = PBXFileReference; lastKnownFileType = folder.assetcatalog; path = Assets.xcassets; sourceTree = "<group>"; };
		83AEF1EB27EE1BA500A1FC70 /* Base */ = {isa = PBXFileReference; lastKnownFileType = file.storyboard; name = Base; path = Base.lproj/LaunchScreen.storyboard; sourceTree = "<group>"; };
		83AEF1ED27EE1BA500A1FC70 /* Info.plist */ = {isa = PBXFileReference; lastKnownFileType = text.plist.xml; path = Info.plist; sourceTree = "<group>"; };
		83AEF1F627EE21BE00A1FC70 /* LogInView.swift */ = {isa = PBXFileReference; lastKnownFileType = sourcecode.swift; path = LogInView.swift; sourceTree = "<group>"; };
		83AEF1F827EE227700A1FC70 /* PublicExtensions.swift */ = {isa = PBXFileReference; lastKnownFileType = sourcecode.swift; path = PublicExtensions.swift; sourceTree = "<group>"; };
		83AEF1FB27EE276E00A1FC70 /* VKLogInViewController.swift */ = {isa = PBXFileReference; lastKnownFileType = sourcecode.swift; path = VKLogInViewController.swift; sourceTree = "<group>"; };
		83AEF1FD27F0B5D000A1FC70 /* WebView.swift */ = {isa = PBXFileReference; lastKnownFileType = sourcecode.swift; path = WebView.swift; sourceTree = "<group>"; };
		C5549A88E26747D1FE7AA171 /* Pods-MobileUpGallery.debug.xcconfig */ = {isa = PBXFileReference; includeInIndex = 1; lastKnownFileType = text.xcconfig; name = "Pods-MobileUpGallery.debug.xcconfig"; path = "Target Support Files/Pods-MobileUpGallery/Pods-MobileUpGallery.debug.xcconfig"; sourceTree = "<group>"; };
		C7BC4AF98BA30A342270A4CF /* Pods-MobileUpGallery.release.xcconfig */ = {isa = PBXFileReference; includeInIndex = 1; lastKnownFileType = text.xcconfig; name = "Pods-MobileUpGallery.release.xcconfig"; path = "Target Support Files/Pods-MobileUpGallery/Pods-MobileUpGallery.release.xcconfig"; sourceTree = "<group>"; };
/* End PBXFileReference section */

/* Begin PBXFrameworksBuildPhase section */
		83AEF1D927EE1BA300A1FC70 /* Frameworks */ = {
			isa = PBXFrameworksBuildPhase;
			buildActionMask = 2147483647;
			files = (
				97CB302DC2AE584C6FF92A65 /* Pods_MobileUpGallery.framework in Frameworks */,
			);
			runOnlyForDeploymentPostprocessing = 0;
		};
/* End PBXFrameworksBuildPhase section */

/* Begin PBXGroup section */
		3434D8BBBCBE129D52C89D36 /* Pods */ = {
			isa = PBXGroup;
			children = (
				C5549A88E26747D1FE7AA171 /* Pods-MobileUpGallery.debug.xcconfig */,
				C7BC4AF98BA30A342270A4CF /* Pods-MobileUpGallery.release.xcconfig */,
			);
			name = Pods;
			path = Pods;
			sourceTree = "<group>";
		};
		83AEF1D327EE1BA200A1FC70 = {
			isa = PBXGroup;
			children = (
				83AEF1DE27EE1BA300A1FC70 /* MobileUpGallery */,
				83AEF1DD27EE1BA300A1FC70 /* Products */,
				3434D8BBBCBE129D52C89D36 /* Pods */,
				A72CBF232691B85956917612 /* Frameworks */,
			);
			sourceTree = "<group>";
		};
		83AEF1DD27EE1BA300A1FC70 /* Products */ = {
			isa = PBXGroup;
			children = (
				83AEF1DC27EE1BA300A1FC70 /* MobileUpGallery.app */,
			);
			name = Products;
			sourceTree = "<group>";
		};
		83AEF1DE27EE1BA300A1FC70 /* MobileUpGallery */ = {
			isa = PBXGroup;
			children = (
				83AEF1F327EE214500A1FC70 /* Models */,
				83AEF1F527EE215800A1FC70 /* Views */,
				83AEF1F427EE214D00A1FC70 /* Controllers */,
				83AEF1DF27EE1BA300A1FC70 /* AppDelegate.swift */,
				83AEF1E127EE1BA300A1FC70 /* SceneDelegate.swift */,
				83AEF1E827EE1BA500A1FC70 /* Assets.xcassets */,
				83AEF1EA27EE1BA500A1FC70 /* LaunchScreen.storyboard */,
				83AEF1ED27EE1BA500A1FC70 /* Info.plist */,
			);
			path = MobileUpGallery;
			sourceTree = "<group>";
		};
		83AEF1F327EE214500A1FC70 /* Models */ = {
			isa = PBXGroup;
			children = (
				83AEF1FA27EE22AE00A1FC70 /* Extensions */,
			);
			path = Models;
			sourceTree = "<group>";
		};
		83AEF1F427EE214D00A1FC70 /* Controllers */ = {
			isa = PBXGroup;
			children = (
				83AEF1E327EE1BA300A1FC70 /* LogInViewController.swift */,
				83AEF1FB27EE276E00A1FC70 /* VKLogInViewController.swift */,
			);
			path = Controllers;
			sourceTree = "<group>";
		};
		83AEF1F527EE215800A1FC70 /* Views */ = {
			isa = PBXGroup;
			children = (
				83AEF1F627EE21BE00A1FC70 /* LogInView.swift */,
				83AEF1FD27F0B5D000A1FC70 /* WebView.swift */,
			);
			path = Views;
			sourceTree = "<group>";
		};
		83AEF1FA27EE22AE00A1FC70 /* Extensions */ = {
			isa = PBXGroup;
			children = (
				83AEF1F827EE227700A1FC70 /* PublicExtensions.swift */,
			);
			path = Extensions;
			sourceTree = "<group>";
		};
		A72CBF232691B85956917612 /* Frameworks */ = {
			isa = PBXGroup;
			children = (
				5D7E6905823D823FF415D316 /* Pods_MobileUpGallery.framework */,
			);
			name = Frameworks;
			sourceTree = "<group>";
		};
/* End PBXGroup section */

/* Begin PBXNativeTarget section */
		83AEF1DB27EE1BA300A1FC70 /* MobileUpGallery */ = {
			isa = PBXNativeTarget;
			buildConfigurationList = 83AEF1F027EE1BA500A1FC70 /* Build configuration list for PBXNativeTarget "MobileUpGallery" */;
			buildPhases = (
				2E9E6F404CF5B0D904EBF3FB /* [CP] Check Pods Manifest.lock */,
				83AEF1D827EE1BA300A1FC70 /* Sources */,
				83AEF1D927EE1BA300A1FC70 /* Frameworks */,
				83AEF1DA27EE1BA300A1FC70 /* Resources */,
				8C8FF3A00BF0B1D952D0CBCD /* [CP] Embed Pods Frameworks */,
			);
			buildRules = (
			);
			dependencies = (
			);
			name = MobileUpGallery;
			productName = MobileUpGallery;
			productReference = 83AEF1DC27EE1BA300A1FC70 /* MobileUpGallery.app */;
			productType = "com.apple.product-type.application";
		};
/* End PBXNativeTarget section */

/* Begin PBXProject section */
		83AEF1D427EE1BA200A1FC70 /* Project object */ = {
			isa = PBXProject;
			attributes = {
				BuildIndependentTargetsInParallel = 1;
				LastSwiftUpdateCheck = 1320;
				LastUpgradeCheck = 1320;
				TargetAttributes = {
					83AEF1DB27EE1BA300A1FC70 = {
						CreatedOnToolsVersion = 13.2.1;
					};
				};
			};
			buildConfigurationList = 83AEF1D727EE1BA300A1FC70 /* Build configuration list for PBXProject "MobileUpGallery" */;
			compatibilityVersion = "Xcode 13.0";
			developmentRegion = en;
			hasScannedForEncodings = 0;
			knownRegions = (
				en,
				Base,
			);
			mainGroup = 83AEF1D327EE1BA200A1FC70;
			productRefGroup = 83AEF1DD27EE1BA300A1FC70 /* Products */;
			projectDirPath = "";
			projectRoot = "";
			targets = (
				83AEF1DB27EE1BA300A1FC70 /* MobileUpGallery */,
			);
		};
/* End PBXProject section */

/* Begin PBXResourcesBuildPhase section */
		83AEF1DA27EE1BA300A1FC70 /* Resources */ = {
			isa = PBXResourcesBuildPhase;
			buildActionMask = 2147483647;
			files = (
				83AEF1EC27EE1BA500A1FC70 /* LaunchScreen.storyboard in Resources */,
				83AEF1E927EE1BA500A1FC70 /* Assets.xcassets in Resources */,
			);
			runOnlyForDeploymentPostprocessing = 0;
		};
/* End PBXResourcesBuildPhase section */

/* Begin PBXShellScriptBuildPhase section */
		2E9E6F404CF5B0D904EBF3FB /* [CP] Check Pods Manifest.lock */ = {
			isa = PBXShellScriptBuildPhase;
			buildActionMask = 2147483647;
			files = (
			);
			inputFileListPaths = (
			);
			inputPaths = (
				"${PODS_PODFILE_DIR_PATH}/Podfile.lock",
				"${PODS_ROOT}/Manifest.lock",
			);
			name = "[CP] Check Pods Manifest.lock";
			outputFileListPaths = (
			);
			outputPaths = (
				"$(DERIVED_FILE_DIR)/Pods-MobileUpGallery-checkManifestLockResult.txt",
			);
			runOnlyForDeploymentPostprocessing = 0;
			shellPath = /bin/sh;
			shellScript = "diff \"${PODS_PODFILE_DIR_PATH}/Podfile.lock\" \"${PODS_ROOT}/Manifest.lock\" > /dev/null\nif [ $? != 0 ] ; then\n    # print error to STDERR\n    echo \"error: The sandbox is not in sync with the Podfile.lock. Run 'pod install' or update your CocoaPods installation.\" >&2\n    exit 1\nfi\n# This output is used by Xcode 'outputs' to avoid re-running this script phase.\necho \"SUCCESS\" > \"${SCRIPT_OUTPUT_FILE_0}\"\n";
			showEnvVarsInLog = 0;
		};
		8C8FF3A00BF0B1D952D0CBCD /* [CP] Embed Pods Frameworks */ = {
			isa = PBXShellScriptBuildPhase;
			buildActionMask = 2147483647;
			files = (
			);
			inputFileListPaths = (
				"${PODS_ROOT}/Target Support Files/Pods-MobileUpGallery/Pods-MobileUpGallery-frameworks-${CONFIGURATION}-input-files.xcfilelist",
			);
			name = "[CP] Embed Pods Frameworks";
			outputFileListPaths = (
				"${PODS_ROOT}/Target Support Files/Pods-MobileUpGallery/Pods-MobileUpGallery-frameworks-${CONFIGURATION}-output-files.xcfilelist",
			);
			runOnlyForDeploymentPostprocessing = 0;
			shellPath = /bin/sh;
			shellScript = "\"${PODS_ROOT}/Target Support Files/Pods-MobileUpGallery/Pods-MobileUpGallery-frameworks.sh\"\n";
			showEnvVarsInLog = 0;
		};
/* End PBXShellScriptBuildPhase section */

/* Begin PBXSourcesBuildPhase section */
		83AEF1D827EE1BA300A1FC70 /* Sources */ = {
			isa = PBXSourcesBuildPhase;
			buildActionMask = 2147483647;
			files = (
				83AEF1E427EE1BA300A1FC70 /* LogInViewController.swift in Sources */,
				83AEF1FC27EE276F00A1FC70 /* VKLogInViewController.swift in Sources */,
				83AEF1E027EE1BA300A1FC70 /* AppDelegate.swift in Sources */,
				83AEF1F727EE21BE00A1FC70 /* LogInView.swift in Sources */,
				83AEF1F927EE227700A1FC70 /* PublicExtensions.swift in Sources */,
				83AEF1E227EE1BA300A1FC70 /* SceneDelegate.swift in Sources */,
				83AEF1FE27F0B5D000A1FC70 /* WebView.swift in Sources */,
			);
			runOnlyForDeploymentPostprocessing = 0;
		};
/* End PBXSourcesBuildPhase section */

/* Begin PBXVariantGroup section */
		83AEF1EA27EE1BA500A1FC70 /* LaunchScreen.storyboard */ = {
			isa = PBXVariantGroup;
			children = (
				83AEF1EB27EE1BA500A1FC70 /* Base */,
			);
			name = LaunchScreen.storyboard;
			sourceTree = "<group>";
		};
/* End PBXVariantGroup section */

/* Begin XCBuildConfiguration section */
		83AEF1EE27EE1BA500A1FC70 /* Debug */ = {
			isa = XCBuildConfiguration;
			buildSettings = {
				ALWAYS_SEARCH_USER_PATHS = NO;
				CLANG_ANALYZER_NONNULL = YES;
				CLANG_ANALYZER_NUMBER_OBJECT_CONVERSION = YES_AGGRESSIVE;
				CLANG_CXX_LANGUAGE_STANDARD = "gnu++17";
				CLANG_CXX_LIBRARY = "libc++";
				CLANG_ENABLE_MODULES = YES;
				CLANG_ENABLE_OBJC_ARC = YES;
				CLANG_ENABLE_OBJC_WEAK = YES;
				CLANG_WARN_BLOCK_CAPTURE_AUTORELEASING = YES;
				CLANG_WARN_BOOL_CONVERSION = YES;
				CLANG_WARN_COMMA = YES;
				CLANG_WARN_CONSTANT_CONVERSION = YES;
				CLANG_WARN_DEPRECATED_OBJC_IMPLEMENTATIONS = YES;
				CLANG_WARN_DIRECT_OBJC_ISA_USAGE = YES_ERROR;
				CLANG_WARN_DOCUMENTATION_COMMENTS = YES;
				CLANG_WARN_EMPTY_BODY = YES;
				CLANG_WARN_ENUM_CONVERSION = YES;
				CLANG_WARN_INFINITE_RECURSION = YES;
				CLANG_WARN_INT_CONVERSION = YES;
				CLANG_WARN_NON_LITERAL_NULL_CONVERSION = YES;
				CLANG_WARN_OBJC_IMPLICIT_RETAIN_SELF = YES;
				CLANG_WARN_OBJC_LITERAL_CONVERSION = YES;
				CLANG_WARN_OBJC_ROOT_CLASS = YES_ERROR;
				CLANG_WARN_QUOTED_INCLUDE_IN_FRAMEWORK_HEADER = YES;
				CLANG_WARN_RANGE_LOOP_ANALYSIS = YES;
				CLANG_WARN_STRICT_PROTOTYPES = YES;
				CLANG_WARN_SUSPICIOUS_MOVE = YES;
				CLANG_WARN_UNGUARDED_AVAILABILITY = YES_AGGRESSIVE;
				CLANG_WARN_UNREACHABLE_CODE = YES;
				CLANG_WARN__DUPLICATE_METHOD_MATCH = YES;
				COPY_PHASE_STRIP = NO;
				DEBUG_INFORMATION_FORMAT = dwarf;
				ENABLE_STRICT_OBJC_MSGSEND = YES;
				ENABLE_TESTABILITY = YES;
				GCC_C_LANGUAGE_STANDARD = gnu11;
				GCC_DYNAMIC_NO_PIC = NO;
				GCC_NO_COMMON_BLOCKS = YES;
				GCC_OPTIMIZATION_LEVEL = 0;
				GCC_PREPROCESSOR_DEFINITIONS = (
					"DEBUG=1",
					"$(inherited)",
				);
				GCC_WARN_64_TO_32_BIT_CONVERSION = YES;
				GCC_WARN_ABOUT_RETURN_TYPE = YES_ERROR;
				GCC_WARN_UNDECLARED_SELECTOR = YES;
				GCC_WARN_UNINITIALIZED_AUTOS = YES_AGGRESSIVE;
				GCC_WARN_UNUSED_FUNCTION = YES;
				GCC_WARN_UNUSED_VARIABLE = YES;
				IPHONEOS_DEPLOYMENT_TARGET = 15.2;
				MTL_ENABLE_DEBUG_INFO = INCLUDE_SOURCE;
				MTL_FAST_MATH = YES;
				ONLY_ACTIVE_ARCH = YES;
				SDKROOT = iphoneos;
				SWIFT_ACTIVE_COMPILATION_CONDITIONS = DEBUG;
				SWIFT_OPTIMIZATION_LEVEL = "-Onone";
			};
			name = Debug;
		};
		83AEF1EF27EE1BA500A1FC70 /* Release */ = {
			isa = XCBuildConfiguration;
			buildSettings = {
				ALWAYS_SEARCH_USER_PATHS = NO;
				CLANG_ANALYZER_NONNULL = YES;
				CLANG_ANALYZER_NUMBER_OBJECT_CONVERSION = YES_AGGRESSIVE;
				CLANG_CXX_LANGUAGE_STANDARD = "gnu++17";
				CLANG_CXX_LIBRARY = "libc++";
				CLANG_ENABLE_MODULES = YES;
				CLANG_ENABLE_OBJC_ARC = YES;
				CLANG_ENABLE_OBJC_WEAK = YES;
				CLANG_WARN_BLOCK_CAPTURE_AUTORELEASING = YES;
				CLANG_WARN_BOOL_CONVERSION = YES;
				CLANG_WARN_COMMA = YES;
				CLANG_WARN_CONSTANT_CONVERSION = YES;
				CLANG_WARN_DEPRECATED_OBJC_IMPLEMENTATIONS = YES;
				CLANG_WARN_DIRECT_OBJC_ISA_USAGE = YES_ERROR;
				CLANG_WARN_DOCUMENTATION_COMMENTS = YES;
				CLANG_WARN_EMPTY_BODY = YES;
				CLANG_WARN_ENUM_CONVERSION = YES;
				CLANG_WARN_INFINITE_RECURSION = YES;
				CLANG_WARN_INT_CONVERSION = YES;
				CLANG_WARN_NON_LITERAL_NULL_CONVERSION = YES;
				CLANG_WARN_OBJC_IMPLICIT_RETAIN_SELF = YES;
				CLANG_WARN_OBJC_LITERAL_CONVERSION = YES;
				CLANG_WARN_OBJC_ROOT_CLASS = YES_ERROR;
				CLANG_WARN_QUOTED_INCLUDE_IN_FRAMEWORK_HEADER = YES;
				CLANG_WARN_RANGE_LOOP_ANALYSIS = YES;
				CLANG_WARN_STRICT_PROTOTYPES = YES;
				CLANG_WARN_SUSPICIOUS_MOVE = YES;
				CLANG_WARN_UNGUARDED_AVAILABILITY = YES_AGGRESSIVE;
				CLANG_WARN_UNREACHABLE_CODE = YES;
				CLANG_WARN__DUPLICATE_METHOD_MATCH = YES;
				COPY_PHASE_STRIP = NO;
				DEBUG_INFORMATION_FORMAT = "dwarf-with-dsym";
				ENABLE_NS_ASSERTIONS = NO;
				ENABLE_STRICT_OBJC_MSGSEND = YES;
				GCC_C_LANGUAGE_STANDARD = gnu11;
				GCC_NO_COMMON_BLOCKS = YES;
				GCC_WARN_64_TO_32_BIT_CONVERSION = YES;
				GCC_WARN_ABOUT_RETURN_TYPE = YES_ERROR;
				GCC_WARN_UNDECLARED_SELECTOR = YES;
				GCC_WARN_UNINITIALIZED_AUTOS = YES_AGGRESSIVE;
				GCC_WARN_UNUSED_FUNCTION = YES;
				GCC_WARN_UNUSED_VARIABLE = YES;
				IPHONEOS_DEPLOYMENT_TARGET = 15.2;
				MTL_ENABLE_DEBUG_INFO = NO;
				MTL_FAST_MATH = YES;
				SDKROOT = iphoneos;
				SWIFT_COMPILATION_MODE = wholemodule;
				SWIFT_OPTIMIZATION_LEVEL = "-O";
				VALIDATE_PRODUCT = YES;
			};
			name = Release;
		};
		83AEF1F127EE1BA500A1FC70 /* Debug */ = {
			isa = XCBuildConfiguration;
			baseConfigurationReference = C5549A88E26747D1FE7AA171 /* Pods-MobileUpGallery.debug.xcconfig */;
			buildSettings = {
				ASSETCATALOG_COMPILER_APPICON_NAME = AppIcon;
				ASSETCATALOG_COMPILER_GLOBAL_ACCENT_COLOR_NAME = AccentColor;
				CODE_SIGN_STYLE = Automatic;
				CURRENT_PROJECT_VERSION = 1;
				DEVELOPMENT_TEAM = GCK24M7W24;
				GENERATE_INFOPLIST_FILE = YES;
				INFOPLIST_FILE = MobileUpGallery/Info.plist;
				INFOPLIST_KEY_UIApplicationSupportsIndirectInputEvents = YES;
				INFOPLIST_KEY_UILaunchStoryboardName = LaunchScreen;
				INFOPLIST_KEY_UISupportedInterfaceOrientations_iPad = "UIInterfaceOrientationPortrait UIInterfaceOrientationPortraitUpsideDown UIInterfaceOrientationLandscapeLeft UIInterfaceOrientationLandscapeRight";
				INFOPLIST_KEY_UISupportedInterfaceOrientations_iPhone = "UIInterfaceOrientationPortrait UIInterfaceOrientationLandscapeLeft UIInterfaceOrientationLandscapeRight";
				IPHONEOS_DEPLOYMENT_TARGET = 13.0;
				LD_RUNPATH_SEARCH_PATHS = (
					"$(inherited)",
					"@executable_path/Frameworks",
				);
				MARKETING_VERSION = 1.0;
				PRODUCT_BUNDLE_IDENTIFIER = A3.MobileUpGallery;
				PRODUCT_NAME = "$(TARGET_NAME)";
				SWIFT_EMIT_LOC_STRINGS = YES;
				SWIFT_VERSION = 5.0;
				TARGETED_DEVICE_FAMILY = 1;
			};
			name = Debug;
		};
		83AEF1F227EE1BA500A1FC70 /* Release */ = {
			isa = XCBuildConfiguration;
			baseConfigurationReference = C7BC4AF98BA30A342270A4CF /* Pods-MobileUpGallery.release.xcconfig */;
			buildSettings = {
				ASSETCATALOG_COMPILER_APPICON_NAME = AppIcon;
				ASSETCATALOG_COMPILER_GLOBAL_ACCENT_COLOR_NAME = AccentColor;
				CODE_SIGN_STYLE = Automatic;
				CURRENT_PROJECT_VERSION = 1;
				DEVELOPMENT_TEAM = GCK24M7W24;
				GENERATE_INFOPLIST_FILE = YES;
				INFOPLIST_FILE = MobileUpGallery/Info.plist;
				INFOPLIST_KEY_UIApplicationSupportsIndirectInputEvents = YES;
				INFOPLIST_KEY_UILaunchStoryboardName = LaunchScreen;
				INFOPLIST_KEY_UISupportedInterfaceOrientations_iPad = "UIInterfaceOrientationPortrait UIInterfaceOrientationPortraitUpsideDown UIInterfaceOrientationLandscapeLeft UIInterfaceOrientationLandscapeRight";
				INFOPLIST_KEY_UISupportedInterfaceOrientations_iPhone = "UIInterfaceOrientationPortrait UIInterfaceOrientationLandscapeLeft UIInterfaceOrientationLandscapeRight";
				IPHONEOS_DEPLOYMENT_TARGET = 13.0;
				LD_RUNPATH_SEARCH_PATHS = (
					"$(inherited)",
					"@executable_path/Frameworks",
				);
				MARKETING_VERSION = 1.0;
				PRODUCT_BUNDLE_IDENTIFIER = A3.MobileUpGallery;
				PRODUCT_NAME = "$(TARGET_NAME)";
				SWIFT_EMIT_LOC_STRINGS = YES;
				SWIFT_VERSION = 5.0;
				TARGETED_DEVICE_FAMILY = 1;
			};
			name = Release;
		};
/* End XCBuildConfiguration section */

/* Begin XCConfigurationList section */
		83AEF1D727EE1BA300A1FC70 /* Build configuration list for PBXProject "MobileUpGallery" */ = {
			isa = XCConfigurationList;
			buildConfigurations = (
				83AEF1EE27EE1BA500A1FC70 /* Debug */,
				83AEF1EF27EE1BA500A1FC70 /* Release */,
			);
			defaultConfigurationIsVisible = 0;
			defaultConfigurationName = Release;
		};
		83AEF1F027EE1BA500A1FC70 /* Build configuration list for PBXNativeTarget "MobileUpGallery" */ = {
			isa = XCConfigurationList;
			buildConfigurations = (
				83AEF1F127EE1BA500A1FC70 /* Debug */,
				83AEF1F227EE1BA500A1FC70 /* Release */,
			);
			defaultConfigurationIsVisible = 0;
			defaultConfigurationName = Release;
		};
/* End XCConfigurationList section */
	};
	rootObject = 83AEF1D427EE1BA200A1FC70 /* Project object */;
}
